
Microsoft Visual Studio Solution File, Format Version 12.00
# Visual Studio Version 17
VisualStudioVersion = 17.8.34330.188
MinimumVisualStudioVersion = 10.0.40219.1
Project("{FAE04EC0-301F-11D3-BF4B-00C04F79EFBC}") = "Linq", "Linq\Linq.csproj", "{F8DB580C-C3ED-49A2-A755-B86DFA426482}"
EndProject
Global
	GlobalSection(SolutionConfigurationPlatforms) = preSolution
		Debug|Any CPU = Debug|Any CPU
		Release|Any CPU = Release|Any CPU
	EndGlobalSection
	GlobalSection(ProjectConfigurationPlatforms) = postSolution
		{F8DB580C-C3ED-49A2-A755-B86DFA426482}.Debug|Any CPU.ActiveCfg = Debug|Any CPU
		{F8DB580C-C3ED-49A2-A755-B86DFA426482}.Debug|Any CPU.Build.0 = Debug|Any CPU
		{F8DB580C-C3ED-49A2-A755-B86DFA426482}.Release|Any CPU.ActiveCfg = Release|Any CPU
		{F8DB580C-C3ED-49A2-A755-B86DFA426482}.Release|Any CPU.Build.0 = Release|Any CPU
	EndGlobalSection
	GlobalSection(SolutionProperties) = preSolution
		HideSolutionNode = FALSE
	EndGlobalSection
	GlobalSection(ExtensibilityGlobals) = postSolution
		SolutionGuid = {25D954D0-B392-4C3C-81DB-091760495235}
	EndGlobalSection
EndGlobal
